
Microsoft Visual Studio Solution File, Format Version 12.00
# Visual Studio 2013
VisualStudioVersion = 12.0.30501.0
MinimumVisualStudioVersion = 10.0.40219.1
Project("{FAE04EC0-301F-11D3-BF4B-00C04F79EFBC}") = "Server", "Server\Server.csproj", "{30BA3A61-1F22-4DBA-9E2F-1488785956C2}"
EndProject
Project("{FAE04EC0-301F-11D3-BF4B-00C04F79EFBC}") = "Client", "Client\Client.csproj", "{D9424703-AB7F-465A-8E38-A9A1FBC19A9B}"
EndProject
Global
	GlobalSection(SolutionConfigurationPlatforms) = preSolution
		Debug|Any CPU = Debug|Any CPU
		Release|Any CPU = Release|Any CPU
	EndGlobalSection
	GlobalSection(ProjectConfigurationPlatforms) = postSolution
		{30BA3A61-1F22-4DBA-9E2F-1488785956C2}.Debug|Any CPU.ActiveCfg = Debug|Any CPU
		{30BA3A61-1F22-4DBA-9E2F-1488785956C2}.Debug|Any CPU.Build.0 = Debug|Any CPU
		{30BA3A61-1F22-4DBA-9E2F-1488785956C2}.Release|Any CPU.ActiveCfg = Release|Any CPU
		{30BA3A61-1F22-4DBA-9E2F-1488785956C2}.Release|Any CPU.Build.0 = Release|Any CPU
		{D9424703-AB7F-465A-8E38-A9A1FBC19A9B}.Debug|Any CPU.ActiveCfg = Debug|Any CPU
		{D9424703-AB7F-465A-8E38-A9A1FBC19A9B}.Debug|Any CPU.Build.0 = Debug|Any CPU
		{D9424703-AB7F-465A-8E38-A9A1FBC19A9B}.Release|Any CPU.ActiveCfg = Release|Any CPU
		{D9424703-AB7F-465A-8E38-A9A1FBC19A9B}.Release|Any CPU.Build.0 = Release|Any CPU
	EndGlobalSection
	GlobalSection(SolutionProperties) = preSolution
		HideSolutionNode = FALSE
	EndGlobalSection
EndGlobal
