
Microsoft Visual Studio Solution File, Format Version 12.00
# Visual Studio 2012
Project("{FAE04EC0-301F-11D3-BF4B-00C04F79EFBC}") = "测试使用JQuery调用WCF", "测试使用JQuery调用WCF\测试使用JQuery调用WCF.csproj", "{2707157E-EDB1-4863-AF00-3AEB81B79EFB}"
EndProject
Global
	GlobalSection(SolutionConfigurationPlatforms) = preSolution
		Debug|Any CPU = Debug|Any CPU
		Release|Any CPU = Release|Any CPU
	EndGlobalSection
	GlobalSection(ProjectConfigurationPlatforms) = postSolution
		{2707157E-EDB1-4863-AF00-3AEB81B79EFB}.Debug|Any CPU.ActiveCfg = Debug|Any CPU
		{2707157E-EDB1-4863-AF00-3AEB81B79EFB}.Debug|Any CPU.Build.0 = Debug|Any CPU
		{2707157E-EDB1-4863-AF00-3AEB81B79EFB}.Release|Any CPU.ActiveCfg = Release|Any CPU
		{2707157E-EDB1-4863-AF00-3AEB81B79EFB}.Release|Any CPU.Build.0 = Release|Any CPU
	EndGlobalSection
	GlobalSection(SolutionProperties) = preSolution
		HideSolutionNode = FALSE
	EndGlobalSection
EndGlobal
