
Microsoft Visual Studio Solution File, Format Version 11.00
# Visual Studio 2010
Project("{E24C65DC-7377-472B-9ABA-BC803B73C61A}") = "测试以接口的形式输出图片流", "..\测试以接口的形式输出图片流", "{0331406C-E7C4-430A-8B3D-CFD498022AE7}"
	ProjectSection(WebsiteProperties) = preProject
		TargetFrameworkMoniker = ".NETFramework,Version%3Dv4.0"
		Debug.AspNetCompiler.VirtualPath = "/测试以接口的形式输出图片流"
		Debug.AspNetCompiler.PhysicalPath = "..\测试以接口的形式输出图片流\"
		Debug.AspNetCompiler.TargetPath = "PrecompiledWeb\测试以接口的形式输出图片流\"
		Debug.AspNetCompiler.Updateable = "true"
		Debug.AspNetCompiler.ForceOverwrite = "true"
		Debug.AspNetCompiler.FixedNames = "false"
		Debug.AspNetCompiler.Debug = "True"
		Release.AspNetCompiler.VirtualPath = "/测试以接口的形式输出图片流"
		Release.AspNetCompiler.PhysicalPath = "..\测试以接口的形式输出图片流\"
		Release.AspNetCompiler.TargetPath = "PrecompiledWeb\测试以接口的形式输出图片流\"
		Release.AspNetCompiler.Updateable = "true"
		Release.AspNetCompiler.ForceOverwrite = "true"
		Release.AspNetCompiler.FixedNames = "false"
		Release.AspNetCompiler.Debug = "False"
		VWDPort = "37835"
	EndProjectSection
EndProject
Global
	GlobalSection(SolutionConfigurationPlatforms) = preSolution
		Debug|Any CPU = Debug|Any CPU
	EndGlobalSection
	GlobalSection(ProjectConfigurationPlatforms) = postSolution
		{0331406C-E7C4-430A-8B3D-CFD498022AE7}.Debug|Any CPU.ActiveCfg = Debug|Any CPU
		{0331406C-E7C4-430A-8B3D-CFD498022AE7}.Debug|Any CPU.Build.0 = Debug|Any CPU
	EndGlobalSection
	GlobalSection(SolutionProperties) = preSolution
		HideSolutionNode = FALSE
	EndGlobalSection
EndGlobal
